Microsoft Visual Studio Solution File, Format Version 12.00
# Visual Studio Version 17
VisualStudioVersion = 17.5.2.0
MinimumVisualStudioVersion = 10.0.40219.1
Project("{FAE04EC0-301F-11D3-BF4B-00C04F79EFBC}") = "testLesson", "testLesson.csproj", "{7F154200-A83D-7FF2-296B-A5702D1099A9}"
EndProject
Global
	GlobalSection(SolutionConfigurationPlatforms) = preSolution
		Debug|Any CPU = Debug|Any CPU
		Release|Any CPU = Release|Any CPU
	EndGlobalSection
	GlobalSection(ProjectConfigurationPlatforms) = postSolution
		{7F154200-A83D-7FF2-296B-A5702D1099A9}.Debug|Any CPU.ActiveCfg = Debug|Any CPU
		{7F154200-A83D-7FF2-296B-A5702D1099A9}.Debug|Any CPU.Build.0 = Debug|Any CPU
		{7F154200-A83D-7FF2-296B-A5702D1099A9}.Release|Any CPU.ActiveCfg = Release|Any CPU
		{7F154200-A83D-7FF2-296B-A5702D1099A9}.Release|Any CPU.Build.0 = Release|Any CPU
	EndGlobalSection
	GlobalSection(SolutionProperties) = preSolution
		HideSolutionNode = FALSE
	EndGlobalSection
	GlobalSection(ExtensibilityGlobals) = postSolution
		SolutionGuid = {BBE981A5-F550-4C33-8167-5F3379ADEA8F}
	EndGlobalSection
EndGlobal
